
Microsoft Visual Studio Solution File, Format Version 12.00
# Visual Studio 15
VisualStudioVersion = 15.0.27703.2026
MinimumVisualStudioVersion = 10.0.40219.1
Project("{FAE04EC0-301F-11D3-BF4B-00C04F79EFBC}") = "Distance Between Two Points", "Distance Between Two Points\Distance Between Two Points.csproj", "{7970658C-D548-448E-90CD-A0F1D30ECEAE}"
EndProject
Global
	GlobalSection(SolutionConfigurationPlatforms) = preSolution
		Debug|Any CPU = Debug|Any CPU
		Release|Any CPU = Release|Any CPU
	EndGlobalSection
	GlobalSection(ProjectConfigurationPlatforms) = postSolution
		{7970658C-D548-448E-90CD-A0F1D30ECEAE}.Debug|Any CPU.ActiveCfg = Debug|Any CPU
		{7970658C-D548-448E-90CD-A0F1D30ECEAE}.Debug|Any CPU.Build.0 = Debug|Any CPU
		{7970658C-D548-448E-90CD-A0F1D30ECEAE}.Release|Any CPU.ActiveCfg = Release|Any CPU
		{7970658C-D548-448E-90CD-A0F1D30ECEAE}.Release|Any CPU.Build.0 = Release|Any CPU
	EndGlobalSection
	GlobalSection(SolutionProperties) = preSolution
		HideSolutionNode = FALSE
	EndGlobalSection
	GlobalSection(ExtensibilityGlobals) = postSolution
		SolutionGuid = {8E15EEF6-7B6E-45E7-AD6A-FF9C647F2FD3}
	EndGlobalSection
EndGlobal
